{
  "nodes": {
    "devshell": {
      "inputs": {
        "nixpkgs": [
          "typelevel-nix",
          "nixpkgs"
        ]
      },
      "locked": {
        "lastModified": 1764011051,
        "narHash": "sha256-M7SZyPZiqZUR/EiiBJnmyUbOi5oE/03tCeFrTiUZchI=",
        "owner": "numtide",
        "repo": "devshell",
        "rev": "17ed8d9744ebe70424659b0ef74ad6d41fc87071",
        "type": "github"
      },
      "original": {
        "owner": "numtide",
        "repo": "devshell",
        "type": "github"
      }
    },
    "flake-utils": {
      "inputs": {
        "systems": "systems"
      },
      "locked": {
        "lastModified": 1731533236,
        "narHash": "sha256-l0KFg5HjrsfsO/JpG+r7fRrqm12kzFHyUHqHCVpMMbI=",
        "owner": "numtide",
        "repo": "flake-utils",
        "rev": "11707dc2f618dd54ca8739b309ec4fc024de578b",
        "type": "github"
      },
      "original": {
        "owner": "numtide",
        "repo": "flake-utils",
        "type": "github"
      }
    },
    "nixpkgs": {
      "locked": {
        "lastModified": 1764667669,
        "narHash": "sha256-7WUCZfmqLAssbDqwg9cUDAXrSoXN79eEEq17qhTNM/Y=",
        "owner": "NixOS",
        "repo": "nixpkgs",
        "rev": "418468ac9527e799809c900eda37cbff999199b6",
        "type": "github"
      },
      "original": {
        "owner": "NixOS",
        "ref": "nixos-unstable",
        "repo": "nixpkgs",
        "type": "github"
      }
    },
    "root": {
      "inputs": {
        "flake-utils": "flake-utils",
        "nixpkgs": "nixpkgs",
        "squish-find-the-brains": "squish-find-the-brains",
        "typelevel-nix": "typelevel-nix"
      }
    },
    "squish-find-the-brains": {
      "inputs": {
        "flake-utils": [
          "flake-utils"
        ],
        "nixpkgs": [
          "nixpkgs"
        ]
      },
      "locked": {
        "lastModified": 1763722937,
        "narHash": "sha256-kd4a05c6wPOqT89+G01EEVSQpXEqLur52U+rioBPy3M=",
        "owner": "7mind",
        "repo": "squish-find-the-brains",
        "rev": "af1943c259bfe6a132c25ceb6dbe3648a6856b42",
        "type": "github"
      },
      "original": {
        "owner": "7mind",
        "repo": "squish-find-the-brains",
        "type": "github"
      }
    },
    "systems": {
      "locked": {
        "lastModified": 1681028828,
        "narHash": "sha256-Vy1rq5AaRuLzOxct8nz4T6wlgyUR7zLU309k9mBC768=",
        "owner": "nix-systems",
        "repo": "default",
        "rev": "da67096a3b9bf56a91d16901293e51ba5b49a27e",
        "type": "github"
      },
      "original": {
        "owner": "nix-systems",
        "repo": "default",
        "type": "github"
      }
    },
    "typelevel-nix": {
      "inputs": {
        "devshell": "devshell",
        "flake-utils": [
          "flake-utils"
        ],
        "nixpkgs": [
          "nixpkgs"
        ]
      },
      "locked": {
        "lastModified": 1765301495,
        "narHash": "sha256-lTgPc0ym7WsbnY7JxNq00AwfbbYeZHfl+fgXrBReoZI=",
        "owner": "typelevel",
        "repo": "typelevel-nix",
        "rev": "70bd996e1a803249644b6e474c9bd195d4508a00",
        "type": "github"
      },
      "original": {
        "owner": "typelevel",
        "repo": "typelevel-nix",
        "type": "github"
      }
    }
  },
  "root": "root",
  "version": 7
}
