{
  "nodes": {
    "nixpkgs": {
      "locked": {
        "lastModified": 1787140485,
        "narHash": "sha256-M19WI575Xs9v5I40FGxXLU3D5piQbbad3Ct7ixvkyOg=",
        "rev": "98aedd6c34efb3329225a1f42c86dd38cca00ef5",
        "type": "tarball",
        "url": "https://releases.nixos.org/nixpkgs/nixpkgs-26.11pre1058109.98aedd6c34ef/nixexprs.tar.xz"
      },
      "original": {
        "type": "tarball",
        "url": "https://nixos.org/channels/nixpkgs-unstable/nixexprs.tar.xz"
      }
    },
    "root": {
      "inputs": {
        "nixpkgs": "nixpkgs"
      }
    }
  },
  "root": "root",
  "version": 7
}
